{
  "name": "servicenow-instance-config",
  "version": "1.0.0",
  "lockfileVersion": 3,
  "requires": true,
  "packages": {
    "": {
      "name": "servicenow-instance-config",
      "version": "1.0.0",
      "license": "ISC",
      "devDependencies": {
        "@types/servicenow": "^10.0.4"
      }
    },
    "node_modules/@types/servicenow": {
      "version": "10.0.4",
      "resolved": "https://registry.npmjs.org/@types/servicenow/-/servicenow-10.0.4.tgz",
      "integrity": "sha512-dS+KikGAjqulv7rYobpLKOGXji+IAy+/Amxd3GC1udX4ej0mQr9W2NZNGIhVzco/m/YyhKtk+HJIPXwlsU6Ipw==",
      "dev": true,
      "license": "MIT"
    }
  }
}
